
Microsoft Visual Studio Solution File, Format Version 12.00
Project("{FAE04EC0-301F-11D3-BF4B-00C04F79EFBC}") = "KillDNS.CaptchaSolver.Core", "src\KillDNS.CaptchaSolver.Core.csproj", "{0A7D6234-5B20-45AC-BE41-51A4CDC8E719}"
EndProject
Global
	GlobalSection(SolutionConfigurationPlatforms) = preSolution
		Debug|Any CPU = Debug|Any CPU
		Release|Any CPU = Release|Any CPU
	EndGlobalSection
	GlobalSection(ProjectConfigurationPlatforms) = postSolution
		{0A7D6234-5B20-45AC-BE41-51A4CDC8E719}.Debug|Any CPU.ActiveCfg = Debug|Any CPU
		{0A7D6234-5B20-45AC-BE41-51A4CDC8E719}.Debug|Any CPU.Build.0 = Debug|Any CPU
		{0A7D6234-5B20-45AC-BE41-51A4CDC8E719}.Release|Any CPU.ActiveCfg = Release|Any CPU
		{0A7D6234-5B20-45AC-BE41-51A4CDC8E719}.Release|Any CPU.Build.0 = Release|Any CPU
	EndGlobalSection
EndGlobal
